
Microsoft Visual Studio Solution File, Format Version 12.00
# Visual Studio Version 16
VisualStudioVersion = 16.0.30907.101
MinimumVisualStudioVersion = 10.0.40219.1
Project("{FAE04EC0-301F-11D3-BF4B-00C04F79EFBC}") = "MVCPractice", "MVCPractice\MVCPractice.csproj", "{9577D954-4862-4DF3-B4D4-42F8B40C5A6A}"
EndProject
Global
	GlobalSection(SolutionConfigurationPlatforms) = preSolution
		Debug|Any CPU = Debug|Any CPU
		Release|Any CPU = Release|Any CPU
	EndGlobalSection
	GlobalSection(ProjectConfigurationPlatforms) = postSolution
		{9577D954-4862-4DF3-B4D4-42F8B40C5A6A}.Debug|Any CPU.ActiveCfg = Debug|Any CPU
		{9577D954-4862-4DF3-B4D4-42F8B40C5A6A}.Debug|Any CPU.Build.0 = Debug|Any CPU
		{9577D954-4862-4DF3-B4D4-42F8B40C5A6A}.Release|Any CPU.ActiveCfg = Release|Any CPU
		{9577D954-4862-4DF3-B4D4-42F8B40C5A6A}.Release|Any CPU.Build.0 = Release|Any CPU
	EndGlobalSection
	GlobalSection(SolutionProperties) = preSolution
		HideSolutionNode = FALSE
	EndGlobalSection
	GlobalSection(ExtensibilityGlobals) = postSolution
		SolutionGuid = {562FBC38-22F8-486E-85BA-DA3AFB0B0AE7}
	EndGlobalSection
EndGlobal
